// !$*UTF8*$!
{
	archiveVersion = 1;
	classes = {
	};
	objectVersion = 46;
	objects = {

/* Begin PBXBuildFile section */
		00E356F31AD99517003FC87E /* freelasapTests.m in Sources */ = {isa = PBXBuildFile; fileRef = 00E356F21AD99517003FC87E /* freelasapTests.m */; };
		13B07FBC1A68108700A75B9A /* AppDelegate.m in Sources */ = {isa = PBXBuildFile; fileRef = 13B07FB01A68108700A75B9A /* AppDelegate.m */; };
		13B07FBF1A68108700A75B9A /* Images.xcassets in Resources */ = {isa = PBXBuildFile; fileRef = 13B07FB51A68108700A75B9A /* Images.xcassets */; };
		13B07FC11A68108700A75B9A /* main.m in Sources */ = {isa = PBXBuildFile; fileRef = 13B07FB71A68108700A75B9A /* main.m */; };
		2D02E4BC1E0B4A80006451C7 /* AppDelegate.m in Sources */ = {isa = PBXBuildFile; fileRef = 13B07FB01A68108700A75B9A /* AppDelegate.m */; };
		2D02E4BD1E0B4A84006451C7 /* Images.xcassets in Resources */ = {isa = PBXBuildFile; fileRef = 13B07FB51A68108700A75B9A /* Images.xcassets */; };
		2D02E4BF1E0B4AB3006451C7 /* main.m in Sources */ = {isa = PBXBuildFile; fileRef = 13B07FB71A68108700A75B9A /* main.m */; };
		2DCD954D1E0B4F2C00145EB5 /* freelasapTests.m in Sources */ = {isa = PBXBuildFile; fileRef = 00E356F21AD99517003FC87E /* freelasapTests.m */; };
		81AB9BB82411601600AC10FF /* LaunchScreen.storyboard in Resources */ = {isa = PBXBuildFile; fileRef = 81AB9BB72411601600AC10FF /* LaunchScreen.storyboard */; };
		592030347C2E4D028CD4D74E /* PublicSans-Italic-VariableFont_wght.ttf in Resources */ = {isa = PBXBuildFile; fileRef = 75D88F0347D045D98784D2F8 /* PublicSans-Italic-VariableFont_wght.ttf */; };
		2D580DCBC07C4C6F973A15EF /* PublicSans-VariableFont_wght.ttf in Resources */ = {isa = PBXBuildFile; fileRef = ECF1484C5D0A4FB189D9F996 /* PublicSans-VariableFont_wght.ttf */; };
		BE0AC086682C4AC0B7CCBF91 /* PublicSans-Black.ttf in Resources */ = {isa = PBXBuildFile; fileRef = 7198C4179D6643D7AD6437E7 /* PublicSans-Black.ttf */; };
		10F66877C77A4DB7ABE159E8 /* PublicSans-BlackItalic.ttf in Resources */ = {isa = PBXBuildFile; fileRef = 9EDE256E930E4D83B9CAEF8D /* PublicSans-BlackItalic.ttf */; };
		0B1FF67DAAE141D2BA6309C3 /* PublicSans-Bold.ttf in Resources */ = {isa = PBXBuildFile; fileRef = C9C13350397A4A87B31B1C7B /* PublicSans-Bold.ttf */; };
		551C8FCCC3CB4F27B07D4AD0 /* PublicSans-BoldItalic.ttf in Resources */ = {isa = PBXBuildFile; fileRef = 43DBC0F5420C4A3298577658 /* PublicSans-BoldItalic.ttf */; };
		EF53F97DDBE74E28B161C298 /* PublicSans-ExtraBold.ttf in Resources */ = {isa = PBXBuildFile; fileRef = E9DB9F59A9744E42AC97A426 /* PublicSans-ExtraBold.ttf */; };
		431F9F152C744011A7B89EC4 /* PublicSans-ExtraBoldItalic.ttf in Resources */ = {isa = PBXBuildFile; fileRef = A22EEBFD2BF9434E92F52F45 /* PublicSans-ExtraBoldItalic.ttf */; };
		1C51441AD036427C89C46C85 /* PublicSans-ExtraLight.ttf in Resources */ = {isa = PBXBuildFile; fileRef = F2DB4A16A883498AB5608A15 /* PublicSans-ExtraLight.ttf */; };
		06FC764DB2344C71B04B32E3 /* PublicSans-ExtraLightItalic.ttf in Resources */ = {isa = PBXBuildFile; fileRef = EE08742FA8904FECAD2BDC6E /* PublicSans-ExtraLightItalic.ttf */; };
		A6D3C5435B914A96AF2973CB /* PublicSans-Italic.ttf in Resources */ = {isa = PBXBuildFile; fileRef = A11B5240C6394101B3F53098 /* PublicSans-Italic.ttf */; };
		2C3D45E2EBD742DEB9B9E722 /* PublicSans-Light.ttf in Resources */ = {isa = PBXBuildFile; fileRef = A3E2838BBB0943EC922E18B4 /* PublicSans-Light.ttf */; };
		866D2204DDFA4B4981569629 /* PublicSans-LightItalic.ttf in Resources */ = {isa = PBXBuildFile; fileRef = 1DC47544AF974793BB06ABED /* PublicSans-LightItalic.ttf */; };
		4F91D328E0B648D0B73D3D2C /* PublicSans-Medium.ttf in Resources */ = {isa = PBXBuildFile; fileRef = 4F7484CB83BA4221A9670A30 /* PublicSans-Medium.ttf */; };
		C6A7188509D14FDB83E0C40D /* PublicSans-MediumItalic.ttf in Resources */ = {isa = PBXBuildFile; fileRef = 88EFC6262CB449F0B855C183 /* PublicSans-MediumItalic.ttf */; };
		C8751D61E4494ACBA51AE2DC /* PublicSans-Regular.ttf in Resources */ = {isa = PBXBuildFile; fileRef = AA2B3212D5414557914CD620 /* PublicSans-Regular.ttf */; };
		F0971ABDC314417C963F0C2D /* PublicSans-SemiBold.ttf in Resources */ = {isa = PBXBuildFile; fileRef = 441E45B2048343368AB63BD9 /* PublicSans-SemiBold.ttf */; };
		A8D1BF5F74F44841A8809956 /* PublicSans-SemiBoldItalic.ttf in Resources */ = {isa = PBXBuildFile; fileRef = C1CE7FFE5AD441E88A1C7C1D /* PublicSans-SemiBoldItalic.ttf */; };
		962B4EDA9A1E446184EA0A62 /* PublicSans-Thin.ttf in Resources */ = {isa = PBXBuildFile; fileRef = 9AE54ECC39404BA2BAD72FDC /* PublicSans-Thin.ttf */; };
		8323650458A04CD5920C98A4 /* PublicSans-ThinItalic.ttf in Resources */ = {isa = PBXBuildFile; fileRef = E22FFA53852B482FAABE8936 /* PublicSans-ThinItalic.ttf */; };
		C5544C809B1941CC9AB7577F /* RedHatDisplay-Black.ttf in Resources */ = {isa = PBXBuildFile; fileRef = 13933D4FF00349558ECB9EE9 /* RedHatDisplay-Black.ttf */; };
		FD529435391F4CFEBD54FDE5 /* RedHatDisplay-BlackItalic.ttf in Resources */ = {isa = PBXBuildFile; fileRef = 9CBB702F42184C9D9DAC08A5 /* RedHatDisplay-BlackItalic.ttf */; };
		3E7CA475DB2740B684E896F5 /* RedHatDisplay-Bold.ttf in Resources */ = {isa = PBXBuildFile; fileRef = AFDBCB0E632E466AB25B5C09 /* RedHatDisplay-Bold.ttf */; };
		2A9AC58097E2447B89588A96 /* RedHatDisplay-BoldItalic.ttf in Resources */ = {isa = PBXBuildFile; fileRef = 4B6AA335F7E54523845B89BB /* RedHatDisplay-BoldItalic.ttf */; };
		E84B36733BDC46FD8B4647EB /* RedHatDisplay-Italic.ttf in Resources */ = {isa = PBXBuildFile; fileRef = C12C6F5FE5F24543B58F6802 /* RedHatDisplay-Italic.ttf */; };
		CF83E56A72BD43CAAAD9E62F /* RedHatDisplay-Medium.ttf in Resources */ = {isa = PBXBuildFile; fileRef = D767C7D00EC84D59A36A023B /* RedHatDisplay-Medium.ttf */; };
		3A3813090D9F40D1AC4C2BE7 /* RedHatDisplay-MediumItalic.ttf in Resources */ = {isa = PBXBuildFile; fileRef = 211E923E7627428E9C33A201 /* RedHatDisplay-MediumItalic.ttf */; };
		1A8B5515F45343DB851B9F03 /* RedHatDisplay-Regular.ttf in Resources */ = {isa = PBXBuildFile; fileRef = 92D4B520158B4D6185572681 /* RedHatDisplay-Regular.ttf */; };
		69A7D283B0814386895B97A7 /* PublicSans-Bold.ttf in Resources */ = {isa = PBXBuildFile; fileRef = 3588AF837D0940D8B46D6FEB /* PublicSans-Bold.ttf */; };
		C4A1D7E7EFA84D18B403EB4E /* PublicSans-Medium.ttf in Resources */ = {isa = PBXBuildFile; fileRef = AB6C7C3C67DE4343A19F8F03 /* PublicSans-Medium.ttf */; };
		46588A16043C42BFA6C7C510 /* PublicSans-Regular.ttf in Resources */ = {isa = PBXBuildFile; fileRef = 33AC7A338CCC450D9EB0EFB0 /* PublicSans-Regular.ttf */; };
		8814B8B662984C04A0028CA5 /* RedHatDisplay-Bold.ttf in Resources */ = {isa = PBXBuildFile; fileRef = 9E6DFB58A63546A2A2A83F7C /* RedHatDisplay-Bold.ttf */; };
		AF844080579B42299EDDF619 /* RedHatDisplay-Medium.ttf in Resources */ = {isa = PBXBuildFile; fileRef = 567D90D279D24950BDB1D1CB /* RedHatDisplay-Medium.ttf */; };
		C396EAEB18F94030B912C43E /* RedHatDisplay-Regular.ttf in Resources */ = {isa = PBXBuildFile; fileRef = 23C76B8DF0B04AFF8B6F2F90 /* RedHatDisplay-Regular.ttf */; };
/* End PBXBuildFile section */

/* Begin PBXContainerItemProxy section */
		00E356F41AD99517003FC87E /* PBXContainerItemProxy */ = {
			isa = PBXContainerItemProxy;
			containerPortal = 83CBB9F71A601CBA00E9B192 /* Project object */;
			proxyType = 1;
			remoteGlobalIDString = 13B07F861A680F5B00A75B9A;
			remoteInfo = freelasap;
		};
		2D02E4911E0B4A5D006451C7 /* PBXContainerItemProxy */ = {
			isa = PBXContainerItemProxy;
			containerPortal = 83CBB9F71A601CBA00E9B192 /* Project object */;
			proxyType = 1;
			remoteGlobalIDString = 2D02E47A1E0B4A5D006451C7;
			remoteInfo = "freelasap-tvOS";
		};
/* End PBXContainerItemProxy section */

/* Begin PBXFileReference section */
		008F07F21AC5B25A0029DE68 /* main.jsbundle */ = {isa = PBXFileReference; fileEncoding = 4; lastKnownFileType = text; path = main.jsbundle; sourceTree = "<group>"; };
		00E356EE1AD99517003FC87E /* freelasapTests.xctest */ = {isa = PBXFileReference; explicitFileType = wrapper.cfbundle; includeInIndex = 0; path = freelasapTests.xctest; sourceTree = BUILT_PRODUCTS_DIR; };
		00E356F11AD99517003FC87E /* Info.plist */ = {isa = PBXFileReference; lastKnownFileType = text.plist.xml; path = Info.plist; sourceTree = "<group>"; };
		00E356F21AD99517003FC87E /* freelasapTests.m */ = {isa = PBXFileReference; lastKnownFileType = sourcecode.c.objc; path = freelasapTests.m; sourceTree = "<group>"; };
		13B07F961A680F5B00A75B9A /* freelasap.app */ = {isa = PBXFileReference; explicitFileType = wrapper.application; includeInIndex = 0; path = freelasap.app; sourceTree = BUILT_PRODUCTS_DIR; };
		13B07FAF1A68108700A75B9A /* AppDelegate.h */ = {isa = PBXFileReference; fileEncoding = 4; lastKnownFileType = sourcecode.c.h; name = AppDelegate.h; path = freelasap/AppDelegate.h; sourceTree = "<group>"; };
		13B07FB01A68108700A75B9A /* AppDelegate.m */ = {isa = PBXFileReference; fileEncoding = 4; lastKnownFileType = sourcecode.c.objc; name = AppDelegate.m; path = freelasap/AppDelegate.m; sourceTree = "<group>"; };
		13B07FB51A68108700A75B9A /* Images.xcassets */ = {isa = PBXFileReference; lastKnownFileType = folder.assetcatalog; name = Images.xcassets; path = freelasap/Images.xcassets; sourceTree = "<group>"; };
		13B07FB61A68108700A75B9A /* Info.plist */ = {isa = PBXFileReference; fileEncoding = 4; lastKnownFileType = text.plist.xml; name = Info.plist; path = freelasap/Info.plist; sourceTree = "<group>"; };
		13B07FB71A68108700A75B9A /* main.m */ = {isa = PBXFileReference; fileEncoding = 4; lastKnownFileType = sourcecode.c.objc; name = main.m; path = freelasap/main.m; sourceTree = "<group>"; };
		2D02E47B1E0B4A5D006451C7 /* freelasap-tvOS.app */ = {isa = PBXFileReference; explicitFileType = wrapper.application; includeInIndex = 0; path = "freelasap-tvOS.app"; sourceTree = BUILT_PRODUCTS_DIR; };
		2D02E4901E0B4A5D006451C7 /* freelasap-tvOSTests.xctest */ = {isa = PBXFileReference; explicitFileType = wrapper.cfbundle; includeInIndex = 0; path = "freelasap-tvOSTests.xctest"; sourceTree = BUILT_PRODUCTS_DIR; };
		81AB9BB72411601600AC10FF /* LaunchScreen.storyboard */ = {isa = PBXFileReference; fileEncoding = 4; lastKnownFileType = file.storyboard; name = LaunchScreen.storyboard; path = freelasap/LaunchScreen.storyboard; sourceTree = "<group>"; };
		ED297162215061F000B7C4FE /* JavaScriptCore.framework */ = {isa = PBXFileReference; lastKnownFileType = wrapper.framework; name = JavaScriptCore.framework; path = System/Library/Frameworks/JavaScriptCore.framework; sourceTree = SDKROOT; };
		ED2971642150620600B7C4FE /* JavaScriptCore.framework */ = {isa = PBXFileReference; lastKnownFileType = wrapper.framework; name = JavaScriptCore.framework; path = Platforms/AppleTVOS.platform/Developer/SDKs/AppleTVOS12.0.sdk/System/Library/Frameworks/JavaScriptCore.framework; sourceTree = DEVELOPER_DIR; };
		75D88F0347D045D98784D2F8 /* PublicSans-Italic-VariableFont_wght.ttf */ = {isa = PBXFileReference; name = "PublicSans-Italic-VariableFont_wght.ttf"; path = "../assets/fonts/Public_Sans/PublicSans-Italic-VariableFont_wght.ttf"; sourceTree = "<group>"; fileEncoding = undefined; lastKnownFileType = unknown; explicitFileType = undefined; includeInIndex = 0; };
		ECF1484C5D0A4FB189D9F996 /* PublicSans-VariableFont_wght.ttf */ = {isa = PBXFileReference; name = "PublicSans-VariableFont_wght.ttf"; path = "../assets/fonts/Public_Sans/PublicSans-VariableFont_wght.ttf"; sourceTree = "<group>"; fileEncoding = undefined; lastKnownFileType = unknown; explicitFileType = undefined; includeInIndex = 0; };
		7198C4179D6643D7AD6437E7 /* PublicSans-Black.ttf */ = {isa = PBXFileReference; name = "PublicSans-Black.ttf"; path = "../assets/fonts/Public_Sans/static/PublicSans-Black.ttf"; sourceTree = "<group>"; fileEncoding = undefined; lastKnownFileType = unknown; explicitFileType = undefined; includeInIndex = 0; };
		9EDE256E930E4D83B9CAEF8D /* PublicSans-BlackItalic.ttf */ = {isa = PBXFileReference; name = "PublicSans-BlackItalic.ttf"; path = "../assets/fonts/Public_Sans/static/PublicSans-BlackItalic.ttf"; sourceTree = "<group>"; fileEncoding = undefined; lastKnownFileType = unknown; explicitFileType = undefined; includeInIndex = 0; };
		C9C13350397A4A87B31B1C7B /* PublicSans-Bold.ttf */ = {isa = PBXFileReference; name = "PublicSans-Bold.ttf"; path = "../assets/fonts/Public_Sans/static/PublicSans-Bold.ttf"; sourceTree = "<group>"; fileEncoding = undefined; lastKnownFileType = unknown; explicitFileType = undefined; includeInIndex = 0; };
		43DBC0F5420C4A3298577658 /* PublicSans-BoldItalic.ttf */ = {isa = PBXFileReference; name = "PublicSans-BoldItalic.ttf"; path = "../assets/fonts/Public_Sans/static/PublicSans-BoldItalic.ttf"; sourceTree = "<group>"; fileEncoding = undefined; lastKnownFileType = unknown; explicitFileType = undefined; includeInIndex = 0; };
		E9DB9F59A9744E42AC97A426 /* PublicSans-ExtraBold.ttf */ = {isa = PBXFileReference; name = "PublicSans-ExtraBold.ttf"; path = "../assets/fonts/Public_Sans/static/PublicSans-ExtraBold.ttf"; sourceTree = "<group>"; fileEncoding = undefined; lastKnownFileType = unknown; explicitFileType = undefined; includeInIndex = 0; };
		A22EEBFD2BF9434E92F52F45 /* PublicSans-ExtraBoldItalic.ttf */ = {isa = PBXFileReference; name = "PublicSans-ExtraBoldItalic.ttf"; path = "../assets/fonts/Public_Sans/static/PublicSans-ExtraBoldItalic.ttf"; sourceTree = "<group>"; fileEncoding = undefined; lastKnownFileType = unknown; explicitFileType = undefined; includeInIndex = 0; };
		F2DB4A16A883498AB5608A15 /* PublicSans-ExtraLight.ttf */ = {isa = PBXFileReference; name = "PublicSans-ExtraLight.ttf"; path = "../assets/fonts/Public_Sans/static/PublicSans-ExtraLight.ttf"; sourceTree = "<group>"; fileEncoding = undefined; lastKnownFileType = unknown; explicitFileType = undefined; includeInIndex = 0; };
		EE08742FA8904FECAD2BDC6E /* PublicSans-ExtraLightItalic.ttf */ = {isa = PBXFileReference; name = "PublicSans-ExtraLightItalic.ttf"; path = "../assets/fonts/Public_Sans/static/PublicSans-ExtraLightItalic.ttf"; sourceTree = "<group>"; fileEncoding = undefined; lastKnownFileType = unknown; explicitFileType = undefined; includeInIndex = 0; };
		A11B5240C6394101B3F53098 /* PublicSans-Italic.ttf */ = {isa = PBXFileReference; name = "PublicSans-Italic.ttf"; path = "../assets/fonts/Public_Sans/static/PublicSans-Italic.ttf"; sourceTree = "<group>"; fileEncoding = undefined; lastKnownFileType = unknown; explicitFileType = undefined; includeInIndex = 0; };
		A3E2838BBB0943EC922E18B4 /* PublicSans-Light.ttf */ = {isa = PBXFileReference; name = "PublicSans-Light.ttf"; path = "../assets/fonts/Public_Sans/static/PublicSans-Light.ttf"; sourceTree = "<group>"; fileEncoding = undefined; lastKnownFileType = unknown; explicitFileType = undefined; includeInIndex = 0; };
		1DC47544AF974793BB06ABED /* PublicSans-LightItalic.ttf */ = {isa = PBXFileReference; name = "PublicSans-LightItalic.ttf"; path = "../assets/fonts/Public_Sans/static/PublicSans-LightItalic.ttf"; sourceTree = "<group>"; fileEncoding = undefined; lastKnownFileType = unknown; explicitFileType = undefined; includeInIndex = 0; };
		4F7484CB83BA4221A9670A30 /* PublicSans-Medium.ttf */ = {isa = PBXFileReference; name = "PublicSans-Medium.ttf"; path = "../assets/fonts/Public_Sans/static/PublicSans-Medium.ttf"; sourceTree = "<group>"; fileEncoding = undefined; lastKnownFileType = unknown; explicitFileType = undefined; includeInIndex = 0; };
		88EFC6262CB449F0B855C183 /* PublicSans-MediumItalic.ttf */ = {isa = PBXFileReference; name = "PublicSans-MediumItalic.ttf"; path = "../assets/fonts/Public_Sans/static/PublicSans-MediumItalic.ttf"; sourceTree = "<group>"; fileEncoding = undefined; lastKnownFileType = unknown; explicitFileType = undefined; includeInIndex = 0; };
		AA2B3212D5414557914CD620 /* PublicSans-Regular.ttf */ = {isa = PBXFileReference; name = "PublicSans-Regular.ttf"; path = "../assets/fonts/Public_Sans/static/PublicSans-Regular.ttf"; sourceTree = "<group>"; fileEncoding = undefined; lastKnownFileType = unknown; explicitFileType = undefined; includeInIndex = 0; };
		441E45B2048343368AB63BD9 /* PublicSans-SemiBold.ttf */ = {isa = PBXFileReference; name = "PublicSans-SemiBold.ttf"; path = "../assets/fonts/Public_Sans/static/PublicSans-SemiBold.ttf"; sourceTree = "<group>"; fileEncoding = undefined; lastKnownFileType = unknown; explicitFileType = undefined; includeInIndex = 0; };
		C1CE7FFE5AD441E88A1C7C1D /* PublicSans-SemiBoldItalic.ttf */ = {isa = PBXFileReference; name = "PublicSans-SemiBoldItalic.ttf"; path = "../assets/fonts/Public_Sans/static/PublicSans-SemiBoldItalic.ttf"; sourceTree = "<group>"; fileEncoding = undefined; lastKnownFileType = unknown; explicitFileType = undefined; includeInIndex = 0; };
		9AE54ECC39404BA2BAD72FDC /* PublicSans-Thin.ttf */ = {isa = PBXFileReference; name = "PublicSans-Thin.ttf"; path = "../assets/fonts/Public_Sans/static/PublicSans-Thin.ttf"; sourceTree = "<group>"; fileEncoding = undefined; lastKnownFileType = unknown; explicitFileType = undefined; includeInIndex = 0; };
		E22FFA53852B482FAABE8936 /* PublicSans-ThinItalic.ttf */ = {isa = PBXFileReference; name = "PublicSans-ThinItalic.ttf"; path = "../assets/fonts/Public_Sans/static/PublicSans-ThinItalic.ttf"; sourceTree = "<group>"; fileEncoding = undefined; lastKnownFileType = unknown; explicitFileType = undefined; includeInIndex = 0; };
		13933D4FF00349558ECB9EE9 /* RedHatDisplay-Black.ttf */ = {isa = PBXFileReference; name = "RedHatDisplay-Black.ttf"; path = "../assets/fonts/Red_Hat_Display/RedHatDisplay-Black.ttf"; sourceTree = "<group>"; fileEncoding = undefined; lastKnownFileType = unknown; explicitFileType = undefined; includeInIndex = 0; };
		9CBB702F42184C9D9DAC08A5 /* RedHatDisplay-BlackItalic.ttf */ = {isa = PBXFileReference; name = "RedHatDisplay-BlackItalic.ttf"; path = "../assets/fonts/Red_Hat_Display/RedHatDisplay-BlackItalic.ttf"; sourceTree = "<group>"; fileEncoding = undefined; lastKnownFileType = unknown; explicitFileType = undefined; includeInIndex = 0; };
		AFDBCB0E632E466AB25B5C09 /* RedHatDisplay-Bold.ttf */ = {isa = PBXFileReference; name = "RedHatDisplay-Bold.ttf"; path = "../assets/fonts/Red_Hat_Display/RedHatDisplay-Bold.ttf"; sourceTree = "<group>"; fileEncoding = undefined; lastKnownFileType = unknown; explicitFileType = undefined; includeInIndex = 0; };
		4B6AA335F7E54523845B89BB /* RedHatDisplay-BoldItalic.ttf */ = {isa = PBXFileReference; name = "RedHatDisplay-BoldItalic.ttf"; path = "../assets/fonts/Red_Hat_Display/RedHatDisplay-BoldItalic.ttf"; sourceTree = "<group>"; fileEncoding = undefined; lastKnownFileType = unknown; explicitFileType = undefined; includeInIndex = 0; };
		C12C6F5FE5F24543B58F6802 /* RedHatDisplay-Italic.ttf */ = {isa = PBXFileReference; name = "RedHatDisplay-Italic.ttf"; path = "../assets/fonts/Red_Hat_Display/RedHatDisplay-Italic.ttf"; sourceTree = "<group>"; fileEncoding = undefined; lastKnownFileType = unknown; explicitFileType = undefined; includeInIndex = 0; };
		D767C7D00EC84D59A36A023B /* RedHatDisplay-Medium.ttf */ = {isa = PBXFileReference; name = "RedHatDisplay-Medium.ttf"; path = "../assets/fonts/Red_Hat_Display/RedHatDisplay-Medium.ttf"; sourceTree = "<group>"; fileEncoding = undefined; lastKnownFileType = unknown; explicitFileType = undefined; includeInIndex = 0; };
		211E923E7627428E9C33A201 /* RedHatDisplay-MediumItalic.ttf */ = {isa = PBXFileReference; name = "RedHatDisplay-MediumItalic.ttf"; path = "../assets/fonts/Red_Hat_Display/RedHatDisplay-MediumItalic.ttf"; sourceTree = "<group>"; fileEncoding = undefined; lastKnownFileType = unknown; explicitFileType = undefined; includeInIndex = 0; };
		92D4B520158B4D6185572681 /* RedHatDisplay-Regular.ttf */ = {isa = PBXFileReference; name = "RedHatDisplay-Regular.ttf"; path = "../assets/fonts/Red_Hat_Display/RedHatDisplay-Regular.ttf"; sourceTree = "<group>"; fileEncoding = undefined; lastKnownFileType = unknown; explicitFileType = undefined; includeInIndex = 0; };
		3588AF837D0940D8B46D6FEB /* PublicSans-Bold.ttf */ = {isa = PBXFileReference; name = "PublicSans-Bold.ttf"; path = "../assets/fonts/PublicSans-Bold.ttf"; sourceTree = "<group>"; fileEncoding = undefined; lastKnownFileType = unknown; explicitFileType = undefined; includeInIndex = 0; };
		AB6C7C3C67DE4343A19F8F03 /* PublicSans-Medium.ttf */ = {isa = PBXFileReference; name = "PublicSans-Medium.ttf"; path = "../assets/fonts/PublicSans-Medium.ttf"; sourceTree = "<group>"; fileEncoding = undefined; lastKnownFileType = unknown; explicitFileType = undefined; includeInIndex = 0; };
		33AC7A338CCC450D9EB0EFB0 /* PublicSans-Regular.ttf */ = {isa = PBXFileReference; name = "PublicSans-Regular.ttf"; path = "../assets/fonts/PublicSans-Regular.ttf"; sourceTree = "<group>"; fileEncoding = undefined; lastKnownFileType = unknown; explicitFileType = undefined; includeInIndex = 0; };
		9E6DFB58A63546A2A2A83F7C /* RedHatDisplay-Bold.ttf */ = {isa = PBXFileReference; name = "RedHatDisplay-Bold.ttf"; path = "../assets/fonts/RedHatDisplay-Bold.ttf"; sourceTree = "<group>"; fileEncoding = undefined; lastKnownFileType = unknown; explicitFileType = undefined; includeInIndex = 0; };
		567D90D279D24950BDB1D1CB /* RedHatDisplay-Medium.ttf */ = {isa = PBXFileReference; name = "RedHatDisplay-Medium.ttf"; path = "../assets/fonts/RedHatDisplay-Medium.ttf"; sourceTree = "<group>"; fileEncoding = undefined; lastKnownFileType = unknown; explicitFileType = undefined; includeInIndex = 0; };
		23C76B8DF0B04AFF8B6F2F90 /* RedHatDisplay-Regular.ttf */ = {isa = PBXFileReference; name = "RedHatDisplay-Regular.ttf"; path = "../assets/fonts/RedHatDisplay-Regular.ttf"; sourceTree = "<group>"; fileEncoding = undefined; lastKnownFileType = unknown; explicitFileType = undefined; includeInIndex = 0; };
/* End PBXFileReference section */

/* Begin PBXFrameworksBuildPhase section */
		00E356EB1AD99517003FC87E /* Frameworks */ = {
			isa = PBXFrameworksBuildPhase;
			buildActionMask = 2147483647;
			files = (
			);
			runOnlyForDeploymentPostprocessing = 0;
		};
		13B07F8C1A680F5B00A75B9A /* Frameworks */ = {
			isa = PBXFrameworksBuildPhase;
			buildActionMask = 2147483647;
			files = (
			);
			runOnlyForDeploymentPostprocessing = 0;
		};
		2D02E4781E0B4A5D006451C7 /* Frameworks */ = {
			isa = PBXFrameworksBuildPhase;
			buildActionMask = 2147483647;
			files = (
			);
			runOnlyForDeploymentPostprocessing = 0;
		};
		2D02E48D1E0B4A5D006451C7 /* Frameworks */ = {
			isa = PBXFrameworksBuildPhase;
			buildActionMask = 2147483647;
			files = (
			);
			runOnlyForDeploymentPostprocessing = 0;
		};
/* End PBXFrameworksBuildPhase section */

/* Begin PBXGroup section */
		00E356EF1AD99517003FC87E /* freelasapTests */ = {
			isa = PBXGroup;
			children = (
				00E356F21AD99517003FC87E /* freelasapTests.m */,
				00E356F01AD99517003FC87E /* Supporting Files */,
			);
			path = freelasapTests;
			sourceTree = "<group>";
		};
		00E356F01AD99517003FC87E /* Supporting Files */ = {
			isa = PBXGroup;
			children = (
				00E356F11AD99517003FC87E /* Info.plist */,
			);
			name = "Supporting Files";
			sourceTree = "<group>";
		};
		13B07FAE1A68108700A75B9A /* freelasap */ = {
			isa = PBXGroup;
			children = (
				008F07F21AC5B25A0029DE68 /* main.jsbundle */,
				13B07FAF1A68108700A75B9A /* AppDelegate.h */,
				13B07FB01A68108700A75B9A /* AppDelegate.m */,
				13B07FB51A68108700A75B9A /* Images.xcassets */,
				13B07FB61A68108700A75B9A /* Info.plist */,
				81AB9BB72411601600AC10FF /* LaunchScreen.storyboard */,
				13B07FB71A68108700A75B9A /* main.m */,
			);
			name = freelasap;
			sourceTree = "<group>";
		};
		2D16E6871FA4F8E400B85C8A /* Frameworks */ = {
			isa = PBXGroup;
			children = (
				ED297162215061F000B7C4FE /* JavaScriptCore.framework */,
				ED2971642150620600B7C4FE /* JavaScriptCore.framework */,
			);
			name = Frameworks;
			sourceTree = "<group>";
		};
		832341AE1AAA6A7D00B99B32 /* Libraries */ = {
			isa = PBXGroup;
			children = (
			);
			name = Libraries;
			sourceTree = "<group>";
		};
		83CBB9F61A601CBA00E9B192 = {
			isa = PBXGroup;
			children = (
				13B07FAE1A68108700A75B9A /* freelasap */,
				832341AE1AAA6A7D00B99B32 /* Libraries */,
				00E356EF1AD99517003FC87E /* freelasapTests */,
				83CBBA001A601CBA00E9B192 /* Products */,
				2D16E6871FA4F8E400B85C8A /* Frameworks */,
				4C3BFF6172E54B818E7266CF /* Resources */,
			);
			indentWidth = 2;
			sourceTree = "<group>";
			tabWidth = 2;
			usesTabs = 0;
		};
		83CBBA001A601CBA00E9B192 /* Products */ = {
			isa = PBXGroup;
			children = (
				13B07F961A680F5B00A75B9A /* freelasap.app */,
				00E356EE1AD99517003FC87E /* freelasapTests.xctest */,
				2D02E47B1E0B4A5D006451C7 /* freelasap-tvOS.app */,
				2D02E4901E0B4A5D006451C7 /* freelasap-tvOSTests.xctest */,
			);
			name = Products;
			sourceTree = "<group>";
		};
		4C3BFF6172E54B818E7266CF /* Resources */ = {
			isa = "PBXGroup";
			children = (
				75D88F0347D045D98784D2F8 /* PublicSans-Italic-VariableFont_wght.ttf */,
				ECF1484C5D0A4FB189D9F996 /* PublicSans-VariableFont_wght.ttf */,
				7198C4179D6643D7AD6437E7 /* PublicSans-Black.ttf */,
				9EDE256E930E4D83B9CAEF8D /* PublicSans-BlackItalic.ttf */,
				C9C13350397A4A87B31B1C7B /* PublicSans-Bold.ttf */,
				43DBC0F5420C4A3298577658 /* PublicSans-BoldItalic.ttf */,
				E9DB9F59A9744E42AC97A426 /* PublicSans-ExtraBold.ttf */,
				A22EEBFD2BF9434E92F52F45 /* PublicSans-ExtraBoldItalic.ttf */,
				F2DB4A16A883498AB5608A15 /* PublicSans-ExtraLight.ttf */,
				EE08742FA8904FECAD2BDC6E /* PublicSans-ExtraLightItalic.ttf */,
				A11B5240C6394101B3F53098 /* PublicSans-Italic.ttf */,
				A3E2838BBB0943EC922E18B4 /* PublicSans-Light.ttf */,
				1DC47544AF974793BB06ABED /* PublicSans-LightItalic.ttf */,
				4F7484CB83BA4221A9670A30 /* PublicSans-Medium.ttf */,
				88EFC6262CB449F0B855C183 /* PublicSans-MediumItalic.ttf */,
				AA2B3212D5414557914CD620 /* PublicSans-Regular.ttf */,
				441E45B2048343368AB63BD9 /* PublicSans-SemiBold.ttf */,
				C1CE7FFE5AD441E88A1C7C1D /* PublicSans-SemiBoldItalic.ttf */,
				9AE54ECC39404BA2BAD72FDC /* PublicSans-Thin.ttf */,
				E22FFA53852B482FAABE8936 /* PublicSans-ThinItalic.ttf */,
				13933D4FF00349558ECB9EE9 /* RedHatDisplay-Black.ttf */,
				9CBB702F42184C9D9DAC08A5 /* RedHatDisplay-BlackItalic.ttf */,
				AFDBCB0E632E466AB25B5C09 /* RedHatDisplay-Bold.ttf */,
				4B6AA335F7E54523845B89BB /* RedHatDisplay-BoldItalic.ttf */,
				C12C6F5FE5F24543B58F6802 /* RedHatDisplay-Italic.ttf */,
				D767C7D00EC84D59A36A023B /* RedHatDisplay-Medium.ttf */,
				211E923E7627428E9C33A201 /* RedHatDisplay-MediumItalic.ttf */,
				92D4B520158B4D6185572681 /* RedHatDisplay-Regular.ttf */,
				3588AF837D0940D8B46D6FEB /* PublicSans-Bold.ttf */,
				AB6C7C3C67DE4343A19F8F03 /* PublicSans-Medium.ttf */,
				33AC7A338CCC450D9EB0EFB0 /* PublicSans-Regular.ttf */,
				9E6DFB58A63546A2A2A83F7C /* RedHatDisplay-Bold.ttf */,
				567D90D279D24950BDB1D1CB /* RedHatDisplay-Medium.ttf */,
				23C76B8DF0B04AFF8B6F2F90 /* RedHatDisplay-Regular.ttf */,
			);
			name = Resources;
			sourceTree = "<group>";
			path = "";
		};
/* End PBXGroup section */

/* Begin PBXNativeTarget section */
		00E356ED1AD99517003FC87E /* freelasapTests */ = {
			isa = PBXNativeTarget;
			buildConfigurationList = 00E357021AD99517003FC87E /* Build configuration list for PBXNativeTarget "freelasapTests" */;
			buildPhases = (
				00E356EA1AD99517003FC87E /* Sources */,
				00E356EB1AD99517003FC87E /* Frameworks */,
				00E356EC1AD99517003FC87E /* Resources */,
			);
			buildRules = (
			);
			dependencies = (
				00E356F51AD99517003FC87E /* PBXTargetDependency */,
			);
			name = freelasapTests;
			productName = freelasapTests;
			productReference = 00E356EE1AD99517003FC87E /* freelasapTests.xctest */;
			productType = "com.apple.product-type.bundle.unit-test";
		};
		13B07F861A680F5B00A75B9A /* freelasap */ = {
			isa = PBXNativeTarget;
			buildConfigurationList = 13B07F931A680F5B00A75B9A /* Build configuration list for PBXNativeTarget "freelasap" */;
			buildPhases = (
				FD10A7F022414F080027D42C /* Start Packager */,
				13B07F871A680F5B00A75B9A /* Sources */,
				13B07F8C1A680F5B00A75B9A /* Frameworks */,
				13B07F8E1A680F5B00A75B9A /* Resources */,
				00DD1BFF1BD5951E006B06BC /* Bundle React Native code and images */,
			);
			buildRules = (
			);
			dependencies = (
			);
			name = freelasap;
			productName = freelasap;
			productReference = 13B07F961A680F5B00A75B9A /* freelasap.app */;
			productType = "com.apple.product-type.application";
		};
		2D02E47A1E0B4A5D006451C7 /* freelasap-tvOS */ = {
			isa = PBXNativeTarget;
			buildConfigurationList = 2D02E4BA1E0B4A5E006451C7 /* Build configuration list for PBXNativeTarget "freelasap-tvOS" */;
			buildPhases = (
				FD10A7F122414F3F0027D42C /* Start Packager */,
				2D02E4771E0B4A5D006451C7 /* Sources */,
				2D02E4781E0B4A5D006451C7 /* Frameworks */,
				2D02E4791E0B4A5D006451C7 /* Resources */,
				2D02E4CB1E0B4B27006451C7 /* Bundle React Native Code And Images */,
			);
			buildRules = (
			);
			dependencies = (
			);
			name = "freelasap-tvOS";
			productName = "freelasap-tvOS";
			productReference = 2D02E47B1E0B4A5D006451C7 /* freelasap-tvOS.app */;
			productType = "com.apple.product-type.application";
		};
		2D02E48F1E0B4A5D006451C7 /* freelasap-tvOSTests */ = {
			isa = PBXNativeTarget;
			buildConfigurationList = 2D02E4BB1E0B4A5E006451C7 /* Build configuration list for PBXNativeTarget "freelasap-tvOSTests" */;
			buildPhases = (
				2D02E48C1E0B4A5D006451C7 /* Sources */,
				2D02E48D1E0B4A5D006451C7 /* Frameworks */,
				2D02E48E1E0B4A5D006451C7 /* Resources */,
			);
			buildRules = (
			);
			dependencies = (
				2D02E4921E0B4A5D006451C7 /* PBXTargetDependency */,
			);
			name = "freelasap-tvOSTests";
			productName = "freelasap-tvOSTests";
			productReference = 2D02E4901E0B4A5D006451C7 /* freelasap-tvOSTests.xctest */;
			productType = "com.apple.product-type.bundle.unit-test";
		};
/* End PBXNativeTarget section */

/* Begin PBXProject section */
		83CBB9F71A601CBA00E9B192 /* Project object */ = {
			isa = PBXProject;
			attributes = {
				LastUpgradeCheck = 1130;
				TargetAttributes = {
					00E356ED1AD99517003FC87E = {
						CreatedOnToolsVersion = 6.2;
						TestTargetID = 13B07F861A680F5B00A75B9A;
					};
					13B07F861A680F5B00A75B9A = {
						LastSwiftMigration = 1120;
					};
					2D02E47A1E0B4A5D006451C7 = {
						CreatedOnToolsVersion = 8.2.1;
						ProvisioningStyle = Automatic;
					};
					2D02E48F1E0B4A5D006451C7 = {
						CreatedOnToolsVersion = 8.2.1;
						ProvisioningStyle = Automatic;
						TestTargetID = 2D02E47A1E0B4A5D006451C7;
					};
				};
			};
			buildConfigurationList = 83CBB9FA1A601CBA00E9B192 /* Build configuration list for PBXProject "freelasap" */;
			compatibilityVersion = "Xcode 3.2";
			developmentRegion = en;
			hasScannedForEncodings = 0;
			knownRegions = (
				en,
				Base,
			);
			mainGroup = 83CBB9F61A601CBA00E9B192;
			productRefGroup = 83CBBA001A601CBA00E9B192 /* Products */;
			projectDirPath = "";
			projectRoot = "";
			targets = (
				13B07F861A680F5B00A75B9A /* freelasap */,
				00E356ED1AD99517003FC87E /* freelasapTests */,
				2D02E47A1E0B4A5D006451C7 /* freelasap-tvOS */,
				2D02E48F1E0B4A5D006451C7 /* freelasap-tvOSTests */,
			);
		};
/* End PBXProject section */

/* Begin PBXResourcesBuildPhase section */
		00E356EC1AD99517003FC87E /* Resources */ = {
			isa = PBXResourcesBuildPhase;
			buildActionMask = 2147483647;
			files = (
			);
			runOnlyForDeploymentPostprocessing = 0;
		};
		13B07F8E1A680F5B00A75B9A /* Resources */ = {
			isa = PBXResourcesBuildPhase;
			buildActionMask = 2147483647;
			files = (
				81AB9BB82411601600AC10FF /* LaunchScreen.storyboard in Resources */,
				13B07FBF1A68108700A75B9A /* Images.xcassets in Resources */,
				592030347C2E4D028CD4D74E /* PublicSans-Italic-VariableFont_wght.ttf in Resources */,
				2D580DCBC07C4C6F973A15EF /* PublicSans-VariableFont_wght.ttf in Resources */,
				BE0AC086682C4AC0B7CCBF91 /* PublicSans-Black.ttf in Resources */,
				10F66877C77A4DB7ABE159E8 /* PublicSans-BlackItalic.ttf in Resources */,
				0B1FF67DAAE141D2BA6309C3 /* PublicSans-Bold.ttf in Resources */,
				551C8FCCC3CB4F27B07D4AD0 /* PublicSans-BoldItalic.ttf in Resources */,
				EF53F97DDBE74E28B161C298 /* PublicSans-ExtraBold.ttf in Resources */,
				431F9F152C744011A7B89EC4 /* PublicSans-ExtraBoldItalic.ttf in Resources */,
				1C51441AD036427C89C46C85 /* PublicSans-ExtraLight.ttf in Resources */,
				06FC764DB2344C71B04B32E3 /* PublicSans-ExtraLightItalic.ttf in Resources */,
				A6D3C5435B914A96AF2973CB /* PublicSans-Italic.ttf in Resources */,
				2C3D45E2EBD742DEB9B9E722 /* PublicSans-Light.ttf in Resources */,
				866D2204DDFA4B4981569629 /* PublicSans-LightItalic.ttf in Resources */,
				4F91D328E0B648D0B73D3D2C /* PublicSans-Medium.ttf in Resources */,
				C6A7188509D14FDB83E0C40D /* PublicSans-MediumItalic.ttf in Resources */,
				C8751D61E4494ACBA51AE2DC /* PublicSans-Regular.ttf in Resources */,
				F0971ABDC314417C963F0C2D /* PublicSans-SemiBold.ttf in Resources */,
				A8D1BF5F74F44841A8809956 /* PublicSans-SemiBoldItalic.ttf in Resources */,
				962B4EDA9A1E446184EA0A62 /* PublicSans-Thin.ttf in Resources */,
				8323650458A04CD5920C98A4 /* PublicSans-ThinItalic.ttf in Resources */,
				C5544C809B1941CC9AB7577F /* RedHatDisplay-Black.ttf in Resources */,
				FD529435391F4CFEBD54FDE5 /* RedHatDisplay-BlackItalic.ttf in Resources */,
				3E7CA475DB2740B684E896F5 /* RedHatDisplay-Bold.ttf in Resources */,
				2A9AC58097E2447B89588A96 /* RedHatDisplay-BoldItalic.ttf in Resources */,
				E84B36733BDC46FD8B4647EB /* RedHatDisplay-Italic.ttf in Resources */,
				CF83E56A72BD43CAAAD9E62F /* RedHatDisplay-Medium.ttf in Resources */,
				3A3813090D9F40D1AC4C2BE7 /* RedHatDisplay-MediumItalic.ttf in Resources */,
				1A8B5515F45343DB851B9F03 /* RedHatDisplay-Regular.ttf in Resources */,
				69A7D283B0814386895B97A7 /* PublicSans-Bold.ttf in Resources */,
				C4A1D7E7EFA84D18B403EB4E /* PublicSans-Medium.ttf in Resources */,
				46588A16043C42BFA6C7C510 /* PublicSans-Regular.ttf in Resources */,
				8814B8B662984C04A0028CA5 /* RedHatDisplay-Bold.ttf in Resources */,
				AF844080579B42299EDDF619 /* RedHatDisplay-Medium.ttf in Resources */,
				C396EAEB18F94030B912C43E /* RedHatDisplay-Regular.ttf in Resources */,
			);
			runOnlyForDeploymentPostprocessing = 0;
		};
		2D02E4791E0B4A5D006451C7 /* Resources */ = {
			isa = PBXResourcesBuildPhase;
			buildActionMask = 2147483647;
			files = (
				2D02E4BD1E0B4A84006451C7 /* Images.xcassets in Resources */,
			);
			runOnlyForDeploymentPostprocessing = 0;
		};
		2D02E48E1E0B4A5D006451C7 /* Resources */ = {
			isa = PBXResourcesBuildPhase;
			buildActionMask = 2147483647;
			files = (
			);
			runOnlyForDeploymentPostprocessing = 0;
		};
/* End PBXResourcesBuildPhase section */

/* Begin PBXShellScriptBuildPhase section */
		00DD1BFF1BD5951E006B06BC /* Bundle React Native code and images */ = {
			isa = PBXShellScriptBuildPhase;
			buildActionMask = 2147483647;
			files = (
			);
			inputPaths = (
			);
			name = "Bundle React Native code and images";
			outputPaths = (
			);
			runOnlyForDeploymentPostprocessing = 0;
			shellPath = /bin/sh;
			shellScript = "export NODE_BINARY=node\n../node_modules/react-native/scripts/react-native-xcode.sh";
		};
		2D02E4CB1E0B4B27006451C7 /* Bundle React Native Code And Images */ = {
			isa = PBXShellScriptBuildPhase;
			buildActionMask = 2147483647;
			files = (
			);
			inputPaths = (
			);
			name = "Bundle React Native Code And Images";
			outputPaths = (
			);
			runOnlyForDeploymentPostprocessing = 0;
			shellPath = /bin/sh;
			shellScript = "export NODE_BINARY=node\n../node_modules/react-native/scripts/react-native-xcode.sh";
		};
		FD10A7F022414F080027D42C /* Start Packager */ = {
			isa = PBXShellScriptBuildPhase;
			buildActionMask = 2147483647;
			files = (
			);
			inputFileListPaths = (
			);
			inputPaths = (
			);
			name = "Start Packager";
			outputFileListPaths = (
			);
			outputPaths = (
			);
			runOnlyForDeploymentPostprocessing = 0;
			shellPath = /bin/sh;
			shellScript = "export RCT_METRO_PORT=\"${RCT_METRO_PORT:=8081}\"\necho \"export RCT_METRO_PORT=${RCT_METRO_PORT}\" > \"${SRCROOT}/../node_modules/react-native/scripts/.packager.env\"\nif [ -z \"${RCT_NO_LAUNCH_PACKAGER+xxx}\" ] ; then\n  if nc -w 5 -z localhost ${RCT_METRO_PORT} ; then\n    if ! curl -s \"http://localhost:${RCT_METRO_PORT}/status\" | grep -q \"packager-status:running\" ; then\n      echo \"Port ${RCT_METRO_PORT} already in use, packager is either not running or not running correctly\"\n      exit 2\n    fi\n  else\n    open \"$SRCROOT/../node_modules/react-native/scripts/launchPackager.command\" || echo \"Can't start packager automatically\"\n  fi\nfi\n";
			showEnvVarsInLog = 0;
		};
		FD10A7F122414F3F0027D42C /* Start Packager */ = {
			isa = PBXShellScriptBuildPhase;
			buildActionMask = 2147483647;
			files = (
			);
			inputFileListPaths = (
			);
			inputPaths = (
			);
			name = "Start Packager";
			outputFileListPaths = (
			);
			outputPaths = (
			);
			runOnlyForDeploymentPostprocessing = 0;
			shellPath = /bin/sh;
			shellScript = "export RCT_METRO_PORT=\"${RCT_METRO_PORT:=8081}\"\necho \"export RCT_METRO_PORT=${RCT_METRO_PORT}\" > \"${SRCROOT}/../node_modules/react-native/scripts/.packager.env\"\nif [ -z \"${RCT_NO_LAUNCH_PACKAGER+xxx}\" ] ; then\n  if nc -w 5 -z localhost ${RCT_METRO_PORT} ; then\n    if ! curl -s \"http://localhost:${RCT_METRO_PORT}/status\" | grep -q \"packager-status:running\" ; then\n      echo \"Port ${RCT_METRO_PORT} already in use, packager is either not running or not running correctly\"\n      exit 2\n    fi\n  else\n    open \"$SRCROOT/../node_modules/react-native/scripts/launchPackager.command\" || echo \"Can't start packager automatically\"\n  fi\nfi\n";
			showEnvVarsInLog = 0;
		};
/* End PBXShellScriptBuildPhase section */

/* Begin PBXSourcesBuildPhase section */
		00E356EA1AD99517003FC87E /* Sources */ = {
			isa = PBXSourcesBuildPhase;
			buildActionMask = 2147483647;
			files = (
				00E356F31AD99517003FC87E /* freelasapTests.m in Sources */,
			);
			runOnlyForDeploymentPostprocessing = 0;
		};
		13B07F871A680F5B00A75B9A /* Sources */ = {
			isa = PBXSourcesBuildPhase;
			buildActionMask = 2147483647;
			files = (
				13B07FBC1A68108700A75B9A /* AppDelegate.m in Sources */,
				13B07FC11A68108700A75B9A /* main.m in Sources */,
			);
			runOnlyForDeploymentPostprocessing = 0;
		};
		2D02E4771E0B4A5D006451C7 /* Sources */ = {
			isa = PBXSourcesBuildPhase;
			buildActionMask = 2147483647;
			files = (
				2D02E4BF1E0B4AB3006451C7 /* main.m in Sources */,
				2D02E4BC1E0B4A80006451C7 /* AppDelegate.m in Sources */,
			);
			runOnlyForDeploymentPostprocessing = 0;
		};
		2D02E48C1E0B4A5D006451C7 /* Sources */ = {
			isa = PBXSourcesBuildPhase;
			buildActionMask = 2147483647;
			files = (
				2DCD954D1E0B4F2C00145EB5 /* freelasapTests.m in Sources */,
			);
			runOnlyForDeploymentPostprocessing = 0;
		};
/* End PBXSourcesBuildPhase section */

/* Begin PBXTargetDependency section */
		00E356F51AD99517003FC87E /* PBXTargetDependency */ = {
			isa = PBXTargetDependency;
			target = 13B07F861A680F5B00A75B9A /* freelasap */;
			targetProxy = 00E356F41AD99517003FC87E /* PBXContainerItemProxy */;
		};
		2D02E4921E0B4A5D006451C7 /* PBXTargetDependency */ = {
			isa = PBXTargetDependency;
			target = 2D02E47A1E0B4A5D006451C7 /* freelasap-tvOS */;
			targetProxy = 2D02E4911E0B4A5D006451C7 /* PBXContainerItemProxy */;
		};
/* End PBXTargetDependency section */

/* Begin XCBuildConfiguration section */
		00E356F61AD99517003FC87E /* Debug */ = {
			isa = XCBuildConfiguration;
			buildSettings = {
				BUNDLE_LOADER = "$(TEST_HOST)";
				GCC_PREPROCESSOR_DEFINITIONS = (
					"DEBUG=1",
					"$(inherited)",
				);
				INFOPLIST_FILE = freelasapTests/Info.plist;
				IPHONEOS_DEPLOYMENT_TARGET = 10.0;
				LD_RUNPATH_SEARCH_PATHS = "$(inherited) @executable_path/Frameworks @loader_path/Frameworks";
				OTHER_LDFLAGS = (
					"-ObjC",
					"-lc++",
					"$(inherited)",
				);
				PRODUCT_BUNDLE_IDENTIFIER = "org.reactjs.native.example.$(PRODUCT_NAME:rfc1034identifier)";
				PRODUCT_NAME = "$(TARGET_NAME)";
				TEST_HOST = "$(BUILT_PRODUCTS_DIR)/freelasap.app/freelasap";
			};
			name = Debug;
		};
		00E356F71AD99517003FC87E /* Release */ = {
			isa = XCBuildConfiguration;
			buildSettings = {
				BUNDLE_LOADER = "$(TEST_HOST)";
				COPY_PHASE_STRIP = NO;
				INFOPLIST_FILE = freelasapTests/Info.plist;
				IPHONEOS_DEPLOYMENT_TARGET = 10.0;
				LD_RUNPATH_SEARCH_PATHS = "$(inherited) @executable_path/Frameworks @loader_path/Frameworks";
				OTHER_LDFLAGS = (
					"-ObjC",
					"-lc++",
					"$(inherited)",
				);
				PRODUCT_BUNDLE_IDENTIFIER = "org.reactjs.native.example.$(PRODUCT_NAME:rfc1034identifier)";
				PRODUCT_NAME = "$(TARGET_NAME)";
				TEST_HOST = "$(BUILT_PRODUCTS_DIR)/freelasap.app/freelasap";
			};
			name = Release;
		};
		13B07F941A680F5B00A75B9A /* Debug */ = {
			isa = XCBuildConfiguration;
			buildSettings = {
				ASSETCATALOG_COMPILER_APPICON_NAME = AppIcon;
				CLANG_ENABLE_MODULES = YES;
				CURRENT_PROJECT_VERSION = 1;
				ENABLE_BITCODE = NO;
				INFOPLIST_FILE = freelasap/Info.plist;
				LD_RUNPATH_SEARCH_PATHS = "$(inherited) @executable_path/Frameworks";
				OTHER_LDFLAGS = (
					"$(inherited)",
					"-ObjC",
					"-lc++",
				);
				PRODUCT_BUNDLE_IDENTIFIER = "org.reactjs.native.example.$(PRODUCT_NAME:rfc1034identifier)";
				PRODUCT_NAME = freelasap;
				SWIFT_OPTIMIZATION_LEVEL = "-Onone";
				SWIFT_VERSION = 5.0;
				VERSIONING_SYSTEM = "apple-generic";
			};
			name = Debug;
		};
		13B07F951A680F5B00A75B9A /* Release */ = {
			isa = XCBuildConfiguration;
			buildSettings = {
				ASSETCATALOG_COMPILER_APPICON_NAME = AppIcon;
				CLANG_ENABLE_MODULES = YES;
				CURRENT_PROJECT_VERSION = 1;
				INFOPLIST_FILE = freelasap/Info.plist;
				LD_RUNPATH_SEARCH_PATHS = "$(inherited) @executable_path/Frameworks";
				OTHER_LDFLAGS = (
					"$(inherited)",
					"-ObjC",
					"-lc++",
				);
				PRODUCT_BUNDLE_IDENTIFIER = "org.reactjs.native.example.$(PRODUCT_NAME:rfc1034identifier)";
				PRODUCT_NAME = freelasap;
				SWIFT_VERSION = 5.0;
				VERSIONING_SYSTEM = "apple-generic";
			};
			name = Release;
		};
		2D02E4971E0B4A5E006451C7 /* Debug */ = {
			isa = XCBuildConfiguration;
			buildSettings = {
				ASSETCATALOG_COMPILER_APPICON_NAME = "App Icon & Top Shelf Image";
				ASSETCATALOG_COMPILER_LAUNCHIMAGE_NAME = LaunchImage;
				CLANG_ANALYZER_NONNULL = YES;
				CLANG_WARN_DOCUMENTATION_COMMENTS = YES;
				CLANG_WARN_INFINITE_RECURSION = YES;
				CLANG_WARN_SUSPICIOUS_MOVE = YES;
				DEBUG_INFORMATION_FORMAT = dwarf;
				ENABLE_TESTABILITY = YES;
				GCC_NO_COMMON_BLOCKS = YES;
				INFOPLIST_FILE = "freelasap-tvOS/Info.plist";
				LD_RUNPATH_SEARCH_PATHS = "$(inherited) @executable_path/Frameworks";
				OTHER_LDFLAGS = (
					"$(inherited)",
					"-ObjC",
					"-lc++",
				);
				PRODUCT_BUNDLE_IDENTIFIER = "org.reactjs.native.example.freelasap-tvOS";
				PRODUCT_NAME = "$(TARGET_NAME)";
				SDKROOT = appletvos;
				TARGETED_DEVICE_FAMILY = 3;
				TVOS_DEPLOYMENT_TARGET = 10.0;
			};
			name = Debug;
		};
		2D02E4981E0B4A5E006451C7 /* Release */ = {
			isa = XCBuildConfiguration;
			buildSettings = {
				ASSETCATALOG_COMPILER_APPICON_NAME = "App Icon & Top Shelf Image";
				ASSETCATALOG_COMPILER_LAUNCHIMAGE_NAME = LaunchImage;
				CLANG_ANALYZER_NONNULL = YES;
				CLANG_WARN_DOCUMENTATION_COMMENTS = YES;
				CLANG_WARN_INFINITE_RECURSION = YES;
				CLANG_WARN_SUSPICIOUS_MOVE = YES;
				COPY_PHASE_STRIP = NO;
				DEBUG_INFORMATION_FORMAT = "dwarf-with-dsym";
				GCC_NO_COMMON_BLOCKS = YES;
				INFOPLIST_FILE = "freelasap-tvOS/Info.plist";
				LD_RUNPATH_SEARCH_PATHS = "$(inherited) @executable_path/Frameworks";
				OTHER_LDFLAGS = (
					"$(inherited)",
					"-ObjC",
					"-lc++",
				);
				PRODUCT_BUNDLE_IDENTIFIER = "org.reactjs.native.example.freelasap-tvOS";
				PRODUCT_NAME = "$(TARGET_NAME)";
				SDKROOT = appletvos;
				TARGETED_DEVICE_FAMILY = 3;
				TVOS_DEPLOYMENT_TARGET = 10.0;
			};
			name = Release;
		};
		2D02E4991E0B4A5E006451C7 /* Debug */ = {
			isa = XCBuildConfiguration;
			buildSettings = {
				BUNDLE_LOADER = "$(TEST_HOST)";
				CLANG_ANALYZER_NONNULL = YES;
				CLANG_WARN_DOCUMENTATION_COMMENTS = YES;
				CLANG_WARN_INFINITE_RECURSION = YES;
				CLANG_WARN_SUSPICIOUS_MOVE = YES;
				DEBUG_INFORMATION_FORMAT = dwarf;
				ENABLE_TESTABILITY = YES;
				GCC_NO_COMMON_BLOCKS = YES;
				INFOPLIST_FILE = "freelasap-tvOSTests/Info.plist";
				LD_RUNPATH_SEARCH_PATHS = "$(inherited) @executable_path/Frameworks @loader_path/Frameworks";
				OTHER_LDFLAGS = (
					"$(inherited)",
					"-ObjC",
					"-lc++",
				);
				PRODUCT_BUNDLE_IDENTIFIER = "org.reactjs.native.example.freelasap-tvOSTests";
				PRODUCT_NAME = "$(TARGET_NAME)";
				SDKROOT = appletvos;
				TEST_HOST = "$(BUILT_PRODUCTS_DIR)/freelasap-tvOS.app/freelasap-tvOS";
				TVOS_DEPLOYMENT_TARGET = 10.1;
			};
			name = Debug;
		};
		2D02E49A1E0B4A5E006451C7 /* Release */ = {
			isa = XCBuildConfiguration;
			buildSettings = {
				BUNDLE_LOADER = "$(TEST_HOST)";
				CLANG_ANALYZER_NONNULL = YES;
				CLANG_WARN_DOCUMENTATION_COMMENTS = YES;
				CLANG_WARN_INFINITE_RECURSION = YES;
				CLANG_WARN_SUSPICIOUS_MOVE = YES;
				COPY_PHASE_STRIP = NO;
				DEBUG_INFORMATION_FORMAT = "dwarf-with-dsym";
				GCC_NO_COMMON_BLOCKS = YES;
				INFOPLIST_FILE = "freelasap-tvOSTests/Info.plist";
				LD_RUNPATH_SEARCH_PATHS = "$(inherited) @executable_path/Frameworks @loader_path/Frameworks";
				OTHER_LDFLAGS = (
					"$(inherited)",
					"-ObjC",
					"-lc++",
				);
				PRODUCT_BUNDLE_IDENTIFIER = "org.reactjs.native.example.freelasap-tvOSTests";
				PRODUCT_NAME = "$(TARGET_NAME)";
				SDKROOT = appletvos;
				TEST_HOST = "$(BUILT_PRODUCTS_DIR)/freelasap-tvOS.app/freelasap-tvOS";
				TVOS_DEPLOYMENT_TARGET = 10.1;
			};
			name = Release;
		};
		83CBBA201A601CBA00E9B192 /* Debug */ = {
			isa = XCBuildConfiguration;
			buildSettings = {
				ALWAYS_SEARCH_USER_PATHS = NO;
				CLANG_ANALYZER_LOCALIZABILITY_NONLOCALIZED = YES;
				CLANG_CXX_LANGUAGE_STANDARD = "gnu++0x";
				CLANG_CXX_LIBRARY = "libc++";
				CLANG_ENABLE_MODULES = YES;
				CLANG_ENABLE_OBJC_ARC = YES;
				CLANG_WARN_BLOCK_CAPTURE_AUTORELEASING = YES;
				CLANG_WARN_BOOL_CONVERSION = YES;
				CLANG_WARN_COMMA = YES;
				CLANG_WARN_CONSTANT_CONVERSION = YES;
				CLANG_WARN_DEPRECATED_OBJC_IMPLEMENTATIONS = YES;
				CLANG_WARN_DIRECT_OBJC_ISA_USAGE = YES_ERROR;
				CLANG_WARN_EMPTY_BODY = YES;
				CLANG_WARN_ENUM_CONVERSION = YES;
				CLANG_WARN_INFINITE_RECURSION = YES;
				CLANG_WARN_INT_CONVERSION = YES;
				CLANG_WARN_NON_LITERAL_NULL_CONVERSION = YES;
				CLANG_WARN_OBJC_IMPLICIT_RETAIN_SELF = YES;
				CLANG_WARN_OBJC_LITERAL_CONVERSION = YES;
				CLANG_WARN_OBJC_ROOT_CLASS = YES_ERROR;
				CLANG_WARN_RANGE_LOOP_ANALYSIS = YES;
				CLANG_WARN_STRICT_PROTOTYPES = YES;
				CLANG_WARN_SUSPICIOUS_MOVE = YES;
				CLANG_WARN_UNREACHABLE_CODE = YES;
				CLANG_WARN__DUPLICATE_METHOD_MATCH = YES;
				"CODE_SIGN_IDENTITY[sdk=iphoneos*]" = "iPhone Developer";
				COPY_PHASE_STRIP = NO;
				ENABLE_STRICT_OBJC_MSGSEND = YES;
				ENABLE_TESTABILITY = YES;
				GCC_C_LANGUAGE_STANDARD = gnu99;
				GCC_DYNAMIC_NO_PIC = NO;
				GCC_NO_COMMON_BLOCKS = YES;
				GCC_OPTIMIZATION_LEVEL = 0;
				GCC_PREPROCESSOR_DEFINITIONS = (
					"DEBUG=1",
					"$(inherited)",
				);
				GCC_SYMBOLS_PRIVATE_EXTERN = NO;
				GCC_WARN_64_TO_32_BIT_CONVERSION = YES;
				GCC_WARN_ABOUT_RETURN_TYPE = YES_ERROR;
				GCC_WARN_UNDECLARED_SELECTOR = YES;
				GCC_WARN_UNINITIALIZED_AUTOS = YES_AGGRESSIVE;
				GCC_WARN_UNUSED_FUNCTION = YES;
				GCC_WARN_UNUSED_VARIABLE = YES;
				IPHONEOS_DEPLOYMENT_TARGET = 10.0;
				LD_RUNPATH_SEARCH_PATHS = "/usr/lib/swift $(inherited)";
				LIBRARY_SEARCH_PATHS = (
					"\"$(TOOLCHAIN_DIR)/usr/lib/swift/$(PLATFORM_NAME)\"",
					"\"$(TOOLCHAIN_DIR)/usr/lib/swift-5.0/$(PLATFORM_NAME)\"",
					"\"$(inherited)\"",
				);
				MTL_ENABLE_DEBUG_INFO = YES;
				ONLY_ACTIVE_ARCH = YES;
				SDKROOT = iphoneos;
			};
			name = Debug;
		};
		83CBBA211A601CBA00E9B192 /* Release */ = {
			isa = XCBuildConfiguration;
			buildSettings = {
				ALWAYS_SEARCH_USER_PATHS = NO;
				CLANG_ANALYZER_LOCALIZABILITY_NONLOCALIZED = YES;
				CLANG_CXX_LANGUAGE_STANDARD = "gnu++0x";
				CLANG_CXX_LIBRARY = "libc++";
				CLANG_ENABLE_MODULES = YES;
				CLANG_ENABLE_OBJC_ARC = YES;
				CLANG_WARN_BLOCK_CAPTURE_AUTORELEASING = YES;
				CLANG_WARN_BOOL_CONVERSION = YES;
				CLANG_WARN_COMMA = YES;
				CLANG_WARN_CONSTANT_CONVERSION = YES;
				CLANG_WARN_DEPRECATED_OBJC_IMPLEMENTATIONS = YES;
				CLANG_WARN_DIRECT_OBJC_ISA_USAGE = YES_ERROR;
				CLANG_WARN_EMPTY_BODY = YES;
				CLANG_WARN_ENUM_CONVERSION = YES;
				CLANG_WARN_INFINITE_RECURSION = YES;
				CLANG_WARN_INT_CONVERSION = YES;
				CLANG_WARN_NON_LITERAL_NULL_CONVERSION = YES;
				CLANG_WARN_OBJC_IMPLICIT_RETAIN_SELF = YES;
				CLANG_WARN_OBJC_LITERAL_CONVERSION = YES;
				CLANG_WARN_OBJC_ROOT_CLASS = YES_ERROR;
				CLANG_WARN_RANGE_LOOP_ANALYSIS = YES;
				CLANG_WARN_STRICT_PROTOTYPES = YES;
				CLANG_WARN_SUSPICIOUS_MOVE = YES;
				CLANG_WARN_UNREACHABLE_CODE = YES;
				CLANG_WARN__DUPLICATE_METHOD_MATCH = YES;
				"CODE_SIGN_IDENTITY[sdk=iphoneos*]" = "iPhone Developer";
				COPY_PHASE_STRIP = YES;
				ENABLE_NS_ASSERTIONS = NO;
				ENABLE_STRICT_OBJC_MSGSEND = YES;
				GCC_C_LANGUAGE_STANDARD = gnu99;
				GCC_NO_COMMON_BLOCKS = YES;
				GCC_WARN_64_TO_32_BIT_CONVERSION = YES;
				GCC_WARN_ABOUT_RETURN_TYPE = YES_ERROR;
				GCC_WARN_UNDECLARED_SELECTOR = YES;
				GCC_WARN_UNINITIALIZED_AUTOS = YES_AGGRESSIVE;
				GCC_WARN_UNUSED_FUNCTION = YES;
				GCC_WARN_UNUSED_VARIABLE = YES;
				IPHONEOS_DEPLOYMENT_TARGET = 10.0;
				LD_RUNPATH_SEARCH_PATHS = "/usr/lib/swift $(inherited)";
				LIBRARY_SEARCH_PATHS = (
					"\"$(TOOLCHAIN_DIR)/usr/lib/swift/$(PLATFORM_NAME)\"",
					"\"$(TOOLCHAIN_DIR)/usr/lib/swift-5.0/$(PLATFORM_NAME)\"",
					"\"$(inherited)\"",
				);
				MTL_ENABLE_DEBUG_INFO = NO;
				SDKROOT = iphoneos;
				VALIDATE_PRODUCT = YES;
			};
			name = Release;
		};
/* End XCBuildConfiguration section */

/* Begin XCConfigurationList section */
		00E357021AD99517003FC87E /* Build configuration list for PBXNativeTarget "freelasapTests" */ = {
			isa = XCConfigurationList;
			buildConfigurations = (
				00E356F61AD99517003FC87E /* Debug */,
				00E356F71AD99517003FC87E /* Release */,
			);
			defaultConfigurationIsVisible = 0;
			defaultConfigurationName = Release;
		};
		13B07F931A680F5B00A75B9A /* Build configuration list for PBXNativeTarget "freelasap" */ = {
			isa = XCConfigurationList;
			buildConfigurations = (
				13B07F941A680F5B00A75B9A /* Debug */,
				13B07F951A680F5B00A75B9A /* Release */,
			);
			defaultConfigurationIsVisible = 0;
			defaultConfigurationName = Release;
		};
		2D02E4BA1E0B4A5E006451C7 /* Build configuration list for PBXNativeTarget "freelasap-tvOS" */ = {
			isa = XCConfigurationList;
			buildConfigurations = (
				2D02E4971E0B4A5E006451C7 /* Debug */,
				2D02E4981E0B4A5E006451C7 /* Release */,
			);
			defaultConfigurationIsVisible = 0;
			defaultConfigurationName = Release;
		};
		2D02E4BB1E0B4A5E006451C7 /* Build configuration list for PBXNativeTarget "freelasap-tvOSTests" */ = {
			isa = XCConfigurationList;
			buildConfigurations = (
				2D02E4991E0B4A5E006451C7 /* Debug */,
				2D02E49A1E0B4A5E006451C7 /* Release */,
			);
			defaultConfigurationIsVisible = 0;
			defaultConfigurationName = Release;
		};
		83CBB9FA1A601CBA00E9B192 /* Build configuration list for PBXProject "freelasap" */ = {
			isa = XCConfigurationList;
			buildConfigurations = (
				83CBBA201A601CBA00E9B192 /* Debug */,
				83CBBA211A601CBA00E9B192 /* Release */,
			);
			defaultConfigurationIsVisible = 0;
			defaultConfigurationName = Release;
		};
/* End XCConfigurationList section */
	};
	rootObject = 83CBB9F71A601CBA00E9B192 /* Project object */;
}
